Microsoft Visual Studio Solution File, Format Version 11.00
# Visual Studio 2008

Project("{259578C0-D7A1-356B-705A-4ED188FF5E96}") = "Exercicio1", "Assembly-CSharp-firstpass.csproj", "{DAB37A78-3EBC-0117-4512-48A386825F77}"
EndProject
Project("{259578C0-D7A1-356B-705A-4ED188FF5E96}") = "Exercicio1", "Assembly-CSharp.csproj", "{01668B75-EEEC-AE4F-5719-4B31D3638D3D}"
EndProject
Project("{259578C0-D7A1-356B-705A-4ED188FF5E96}") = "Exercicio1", "Assembly-CSharp-Editor.csproj", "{18C4E55F-1063-936C-650F-E3E927DB1719}"
EndProject
Project("{259578C0-D7A1-356B-705A-4ED188FF5E96}") = "Exercicio1", "Assembly-UnityScript-firstpass.unityproj", "{69A128DC-8BCE-E72D-1B82-4669DCE012BC}"
EndProject
Project("{259578C0-D7A1-356B-705A-4ED188FF5E96}") = "Exercicio1", "Assembly-UnityScript.unityproj", "{59DE90FB-AD48-2694-4822-23CFB5FC0965}"
EndProject
Global
	GlobalSection(SolutionConfigurationPlatforms) = preSolution
		Debug|Any CPU = Debug|Any CPU
		Release|Any CPU = Release|Any CPU
	EndGlobalSection
	GlobalSection(ProjectConfigurationPlatforms) = postSolution
		{DAB37A78-3EBC-0117-4512-48A386825F77}.Debug|Any CPU.ActiveCfg = Debug|Any CPU
		{DAB37A78-3EBC-0117-4512-48A386825F77}.Debug|Any CPU.Build.0 = Debug|Any CPU
		{DAB37A78-3EBC-0117-4512-48A386825F77}.Release|Any CPU.ActiveCfg = Release|Any CPU
		{DAB37A78-3EBC-0117-4512-48A386825F77}.Release|Any CPU.Build.0 = Release|Any CPU
		{01668B75-EEEC-AE4F-5719-4B31D3638D3D}.Debug|Any CPU.ActiveCfg = Debug|Any CPU
		{01668B75-EEEC-AE4F-5719-4B31D3638D3D}.Debug|Any CPU.Build.0 = Debug|Any CPU
		{01668B75-EEEC-AE4F-5719-4B31D3638D3D}.Release|Any CPU.ActiveCfg = Release|Any CPU
		{01668B75-EEEC-AE4F-5719-4B31D3638D3D}.Release|Any CPU.Build.0 = Release|Any CPU
		{18C4E55F-1063-936C-650F-E3E927DB1719}.Debug|Any CPU.ActiveCfg = Debug|Any CPU
		{18C4E55F-1063-936C-650F-E3E927DB1719}.Debug|Any CPU.Build.0 = Debug|Any CPU
		{18C4E55F-1063-936C-650F-E3E927DB1719}.Release|Any CPU.ActiveCfg = Release|Any CPU
		{18C4E55F-1063-936C-650F-E3E927DB1719}.Release|Any CPU.Build.0 = Release|Any CPU
		{69A128DC-8BCE-E72D-1B82-4669DCE012BC}.Debug|Any CPU.ActiveCfg = Debug|Any CPU
		{69A128DC-8BCE-E72D-1B82-4669DCE012BC}.Debug|Any CPU.Build.0 = Debug|Any CPU
		{69A128DC-8BCE-E72D-1B82-4669DCE012BC}.Release|Any CPU.ActiveCfg = Release|Any CPU
		{69A128DC-8BCE-E72D-1B82-4669DCE012BC}.Release|Any CPU.Build.0 = Release|Any CPU
		{59DE90FB-AD48-2694-4822-23CFB5FC0965}.Debug|Any CPU.ActiveCfg = Debug|Any CPU
		{59DE90FB-AD48-2694-4822-23CFB5FC0965}.Debug|Any CPU.Build.0 = Debug|Any CPU
		{59DE90FB-AD48-2694-4822-23CFB5FC0965}.Release|Any CPU.ActiveCfg = Release|Any CPU
		{59DE90FB-AD48-2694-4822-23CFB5FC0965}.Release|Any CPU.Build.0 = Release|Any CPU
	EndGlobalSection
	GlobalSection(SolutionProperties) = preSolution
		HideSolutionNode = FALSE
	EndGlobalSection
	GlobalSection(MonoDevelopProperties) = preSolution
		StartupItem = Assembly-CSharp.csproj
	EndGlobalSection
EndGlobal
